
Microsoft Visual Studio Solution File, Format Version 12.00
# Visual Studio Version 17
VisualStudioVersion = 17.0.31903.59
MinimumVisualStudioVersion = 10.0.40219.1
Project("{2150E333-8FDC-42A3-9474-1A3956D46DE8}") = "api_gateway", "api_gateway", "{41C1AA58-E4C2-F270-94D2-CA8B7E7A8E65}"
EndProject
Project("{FAE04EC0-301F-11D3-BF4B-00C04F79EFBC}") = "ApiGateway", "api_gateway\ApiGateway\ApiGateway.csproj", "{96C60770-43B0-4EA7-9539-F2E298C39DE3}"
EndProject
Project("{FAE04EC0-301F-11D3-BF4B-00C04F79EFBC}") = "ServiceUsers", "service_users\ServiceUsers\ServiceUsers.csproj", "{CA8DDF48-8BFB-4E76-A408-A6B2CE218420}"
EndProject
Project("{FAE04EC0-301F-11D3-BF4B-00C04F79EFBC}") = "ServiceOrders", "service_orders\ServiceOrders\ServiceOrders.csproj", "{26EE155C-AF2F-4F39-BE90-4A96FB3C8327}"
EndProject
Global
	GlobalSection(SolutionConfigurationPlatforms) = preSolution
		Debug|Any CPU = Debug|Any CPU
		Debug|x64 = Debug|x64
		Debug|x86 = Debug|x86
		Release|Any CPU = Release|Any CPU
		Release|x64 = Release|x64
		Release|x86 = Release|x86
	EndGlobalSection
	GlobalSection(ProjectConfigurationPlatforms) = postSolution
		{96C60770-43B0-4EA7-9539-F2E298C39DE3}.Debug|Any CPU.ActiveCfg = Debug|Any CPU
		{96C60770-43B0-4EA7-9539-F2E298C39DE3}.Debug|Any CPU.Build.0 = Debug|Any CPU
		{96C60770-43B0-4EA7-9539-F2E298C39DE3}.Debug|x64.ActiveCfg = Debug|Any CPU
		{96C60770-43B0-4EA7-9539-F2E298C39DE3}.Debug|x64.Build.0 = Debug|Any CPU
		{96C60770-43B0-4EA7-9539-F2E298C39DE3}.Debug|x86.ActiveCfg = Debug|Any CPU
		{96C60770-43B0-4EA7-9539-F2E298C39DE3}.Debug|x86.Build.0 = Debug|Any CPU
		{96C60770-43B0-4EA7-9539-F2E298C39DE3}.Release|Any CPU.ActiveCfg = Release|Any CPU
		{96C60770-43B0-4EA7-9539-F2E298C39DE3}.Release|Any CPU.Build.0 = Release|Any CPU
		{96C60770-43B0-4EA7-9539-F2E298C39DE3}.Release|x64.ActiveCfg = Release|Any CPU
		{96C60770-43B0-4EA7-9539-F2E298C39DE3}.Release|x64.Build.0 = Release|Any CPU
		{96C60770-43B0-4EA7-9539-F2E298C39DE3}.Release|x86.ActiveCfg = Release|Any CPU
		{96C60770-43B0-4EA7-9539-F2E298C39DE3}.Release|x86.Build.0 = Release|Any CPU
		{CA8DDF48-8BFB-4E76-A408-A6B2CE218420}.Debug|Any CPU.ActiveCfg = Debug|Any CPU
		{CA8DDF48-8BFB-4E76-A408-A6B2CE218420}.Debug|Any CPU.Build.0 = Debug|Any CPU
		{CA8DDF48-8BFB-4E76-A408-A6B2CE218420}.Debug|x64.ActiveCfg = Debug|Any CPU
		{CA8DDF48-8BFB-4E76-A408-A6B2CE218420}.Debug|x64.Build.0 = Debug|Any CPU
		{CA8DDF48-8BFB-4E76-A408-A6B2CE218420}.Debug|x86.ActiveCfg = Debug|Any CPU
		{CA8DDF48-8BFB-4E76-A408-A6B2CE218420}.Debug|x86.Build.0 = Debug|Any CPU
		{CA8DDF48-8BFB-4E76-A408-A6B2CE218420}.Release|Any CPU.ActiveCfg = Release|Any CPU
		{CA8DDF48-8BFB-4E76-A408-A6B2CE218420}.Release|Any CPU.Build.0 = Release|Any CPU
		{CA8DDF48-8BFB-4E76-A408-A6B2CE218420}.Release|x64.ActiveCfg = Release|Any CPU
		{CA8DDF48-8BFB-4E76-A408-A6B2CE218420}.Release|x64.Build.0 = Release|Any CPU
		{CA8DDF48-8BFB-4E76-A408-A6B2CE218420}.Release|x86.ActiveCfg = Release|Any CPU
		{CA8DDF48-8BFB-4E76-A408-A6B2CE218420}.Release|x86.Build.0 = Release|Any CPU
		{26EE155C-AF2F-4F39-BE90-4A96FB3C8327}.Debug|Any CPU.ActiveCfg = Debug|Any CPU
		{26EE155C-AF2F-4F39-BE90-4A96FB3C8327}.Debug|Any CPU.Build.0 = Debug|Any CPU
		{26EE155C-AF2F-4F39-BE90-4A96FB3C8327}.Debug|x64.ActiveCfg = Debug|Any CPU
		{26EE155C-AF2F-4F39-BE90-4A96FB3C8327}.Debug|x64.Build.0 = Debug|Any CPU
		{26EE155C-AF2F-4F39-BE90-4A96FB3C8327}.Debug|x86.ActiveCfg = Debug|Any CPU
		{26EE155C-AF2F-4F39-BE90-4A96FB3C8327}.Debug|x86.Build.0 = Debug|Any CPU
		{26EE155C-AF2F-4F39-BE90-4A96FB3C8327}.Release|Any CPU.ActiveCfg = Release|Any CPU
		{26EE155C-AF2F-4F39-BE90-4A96FB3C8327}.Release|Any CPU.Build.0 = Release|Any CPU
		{26EE155C-AF2F-4F39-BE90-4A96FB3C8327}.Release|x64.ActiveCfg = Release|Any CPU
		{26EE155C-AF2F-4F39-BE90-4A96FB3C8327}.Release|x64.Build.0 = Release|Any CPU
		{26EE155C-AF2F-4F39-BE90-4A96FB3C8327}.Release|x86.ActiveCfg = Release|Any CPU
		{26EE155C-AF2F-4F39-BE90-4A96FB3C8327}.Release|x86.Build.0 = Release|Any CPU
	EndGlobalSection
	GlobalSection(SolutionProperties) = preSolution
		HideSolutionNode = FALSE
	EndGlobalSection
	GlobalSection(NestedProjects) = preSolution
		{96C60770-43B0-4EA7-9539-F2E298C39DE3} = {41C1AA58-E4C2-F270-94D2-CA8B7E7A8E65}
		{CA8DDF48-8BFB-4E76-A408-A6B2CE218420} = {41C1AA58-E4C2-F270-94D2-CA8B7E7A8E65}
		{26EE155C-AF2F-4F39-BE90-4A96FB3C8327} = {41C1AA58-E4C2-F270-94D2-CA8B7E7A8E65}
	EndGlobalSection
EndGlobal
